{
  "name": "hw-ajs-3_test",
  "version": "1.0.0",
  "lockfileVersion": 3,
  "requires": true,
  "packages": {
    "": {
      "name": "hw-ajs-3_test",
      "version": "1.0.0",
      "license": "ISC",
      "dependencies": {
        "@fdm1try/hw-ajs-3": "^1.0.0"
      }
    },
    "node_modules/@fdm1try/hw-ajs-3": {
      "version": "1.0.0",
      "resolved": "https://npm.pkg.github.com/download/@fdm1try/hw-ajs-3/1.0.0/7afd0279ceeedb89281758a95b073c1874bfaa86",
      "integrity": "sha512-J4pjqDT/5Ox0cNZjEyK60YoJfs60D8wDhxeaNc3aiFWPfRbIMiGi8/X5K2atHTClF7z5bXfTvELnov70CiHcrQ==",
      "license": "ISC"
    }
  }
}
